// !$*UTF8*$!
{
	archiveVersion = 1;
	classes = {
	};
	objectVersion = 51;
	objects = {

/* Begin PBXBuildFile section */
		4A5EE8E5045A38EF7F82A035 /* Pods_MovieDBApps_MovieDBAppsUITests.framework in Frameworks */ = {isa = PBXBuildFile; fileRef = 903E84EA86B9EBED7927F0F6 /* Pods_MovieDBApps_MovieDBAppsUITests.framework */; };
		5C1D162C26A2642900FA4427 /* Response.swift in Sources */ = {isa = PBXBuildFile; fileRef = 5C1D162B26A2642900FA4427 /* Response.swift */; };
		5C1D163126A2655E00FA4427 /* MovieService.swift in Sources */ = {isa = PBXBuildFile; fileRef = 5C1D163026A2655E00FA4427 /* MovieService.swift */; };
		5C1D165826A27F5600FA4427 /* GetSessionViewC.swift in Sources */ = {isa = PBXBuildFile; fileRef = 5C1D165726A27F5600FA4427 /* GetSessionViewC.swift */; };
		5C1D166026A28A9000FA4427 /* ListMovieModel.swift in Sources */ = {isa = PBXBuildFile; fileRef = 5C1D165F26A28A9000FA4427 /* ListMovieModel.swift */; };
		5C1D166626A2925300FA4427 /* MovieGenreTableViewCell.swift in Sources */ = {isa = PBXBuildFile; fileRef = 5C1D166526A2925300FA4427 /* MovieGenreTableViewCell.swift */; };
		5C1D166F26A2EC4800FA4427 /* MovieByGenreViewC.swift in Sources */ = {isa = PBXBuildFile; fileRef = 5C1D166E26A2EC4800FA4427 /* MovieByGenreViewC.swift */; };
		5C1D167726A2EC6200FA4427 /* MovieByGenreViewM.swift in Sources */ = {isa = PBXBuildFile; fileRef = 5C1D167626A2EC6200FA4427 /* MovieByGenreViewM.swift */; };
		5C1D167C26A2EF4F00FA4427 /* MovieByGenreModel.swift in Sources */ = {isa = PBXBuildFile; fileRef = 5C1D167B26A2EF4F00FA4427 /* MovieByGenreModel.swift */; };
		5C1D16C126A3171500FA4427 /* DetailMovieModel.swift in Sources */ = {isa = PBXBuildFile; fileRef = 5C1D16C026A3171500FA4427 /* DetailMovieModel.swift */; };
		5C1D16C926A3172A00FA4427 /* DetailMovieViewC.swift in Sources */ = {isa = PBXBuildFile; fileRef = 5C1D16C826A3172A00FA4427 /* DetailMovieViewC.swift */; };
		5C1D16CE26A3173A00FA4427 /* DetailMovieViewM.swift in Sources */ = {isa = PBXBuildFile; fileRef = 5C1D16CD26A3173A00FA4427 /* DetailMovieViewM.swift */; };
		5C1D16D426A3253700FA4427 /* PosterViewCell.swift in Sources */ = {isa = PBXBuildFile; fileRef = 5C1D16D326A3253700FA4427 /* PosterViewCell.swift */; };
		5C1D16DC26A3254A00FA4427 /* DetailViewCell.swift in Sources */ = {isa = PBXBuildFile; fileRef = 5C1D16DB26A3254A00FA4427 /* DetailViewCell.swift */; };
		5C3A81F626A1BC62009DBA05 /* AppDelegate.swift in Sources */ = {isa = PBXBuildFile; fileRef = 5C3A81F526A1BC62009DBA05 /* AppDelegate.swift */; };
		5C3A81FF26A1BC65009DBA05 /* Assets.xcassets in Resources */ = {isa = PBXBuildFile; fileRef = 5C3A81FE26A1BC65009DBA05 /* Assets.xcassets */; };
		5C3A820226A1BC65009DBA05 /* LaunchScreen.storyboard in Resources */ = {isa = PBXBuildFile; fileRef = 5C3A820026A1BC65009DBA05 /* LaunchScreen.storyboard */; };
		5C3A820D26A1BC65009DBA05 /* MovieDBAppsTests.swift in Sources */ = {isa = PBXBuildFile; fileRef = 5C3A820C26A1BC65009DBA05 /* MovieDBAppsTests.swift */; };
		5C3A821826A1BC65009DBA05 /* MovieDBAppsUITests.swift in Sources */ = {isa = PBXBuildFile; fileRef = 5C3A821726A1BC65009DBA05 /* MovieDBAppsUITests.swift */; };
		5C3A826326A1CCB6009DBA05 /* Global.swift in Sources */ = {isa = PBXBuildFile; fileRef = 5C3A826226A1CCB6009DBA05 /* Global.swift */; };
		5C3A826826A1CCE5009DBA05 /* ListMovieViewM.swift in Sources */ = {isa = PBXBuildFile; fileRef = 5C3A826726A1CCE5009DBA05 /* ListMovieViewM.swift */; };
		5C3A827026A1CD35009DBA05 /* ListMovieViewC.swift in Sources */ = {isa = PBXBuildFile; fileRef = 5C3A826F26A1CD35009DBA05 /* ListMovieViewC.swift */; };
		68FCD90BD5C364783CE42C4F /* Pods_MovieDBAppsTests.framework in Frameworks */ = {isa = PBXBuildFile; fileRef = 8F9637A00801DA2CE281C09D /* Pods_MovieDBAppsTests.framework */; };
		E7EDE14E13DFF0507C2255AC /* Pods_MovieDBApps.framework in Frameworks */ = {isa = PBXBuildFile; fileRef = D44A22D3DDA72643F8474566 /* Pods_MovieDBApps.framework */; };
/* End PBXBuildFile section */

/* Begin PBXContainerItemProxy section */
		5C3A820926A1BC65009DBA05 /* PBXContainerItemProxy */ = {
			isa = PBXContainerItemProxy;
			containerPortal = 5C3A81EA26A1BC62009DBA05 /* Project object */;
			proxyType = 1;
			remoteGlobalIDString = 5C3A81F126A1BC62009DBA05;
			remoteInfo = MovieDBApps;
		};
		5C3A821426A1BC65009DBA05 /* PBXContainerItemProxy */ = {
			isa = PBXContainerItemProxy;
			containerPortal = 5C3A81EA26A1BC62009DBA05 /* Project object */;
			proxyType = 1;
			remoteGlobalIDString = 5C3A81F126A1BC62009DBA05;
			remoteInfo = MovieDBApps;
		};
/* End PBXContainerItemProxy section */

/* Begin PBXFileReference section */
		33C4742734FF79869D8E1240 /* Pods-MovieDBAppsTests.release.xcconfig */ = {isa = PBXFileReference; includeInIndex = 1; lastKnownFileType = text.xcconfig; name = "Pods-MovieDBAppsTests.release.xcconfig"; path = "Target Support Files/Pods-MovieDBAppsTests/Pods-MovieDBAppsTests.release.xcconfig"; sourceTree = "<group>"; };
		486F049C0CC6ABF881FF568D /* Pods-MovieDBApps-MovieDBAppsUITests.debug.xcconfig */ = {isa = PBXFileReference; includeInIndex = 1; lastKnownFileType = text.xcconfig; name = "Pods-MovieDBApps-MovieDBAppsUITests.debug.xcconfig"; path = "Target Support Files/Pods-MovieDBApps-MovieDBAppsUITests/Pods-MovieDBApps-MovieDBAppsUITests.debug.xcconfig"; sourceTree = "<group>"; };
		4A8DA1221EF6D0ED94807788 /* Pods-MovieDBApps.release.xcconfig */ = {isa = PBXFileReference; includeInIndex = 1; lastKnownFileType = text.xcconfig; name = "Pods-MovieDBApps.release.xcconfig"; path = "Target Support Files/Pods-MovieDBApps/Pods-MovieDBApps.release.xcconfig"; sourceTree = "<group>"; };
		5C1D162B26A2642900FA4427 /* Response.swift */ = {isa = PBXFileReference; lastKnownFileType = sourcecode.swift; path = Response.swift; sourceTree = "<group>"; };
		5C1D163026A2655E00FA4427 /* MovieService.swift */ = {isa = PBXFileReference; lastKnownFileType = sourcecode.swift; path = MovieService.swift; sourceTree = "<group>"; };
		5C1D165726A27F5600FA4427 /* GetSessionViewC.swift */ = {isa = PBXFileReference; lastKnownFileType = sourcecode.swift; path = GetSessionViewC.swift; sourceTree = "<group>"; };
		5C1D165F26A28A9000FA4427 /* ListMovieModel.swift */ = {isa = PBXFileReference; lastKnownFileType = sourcecode.swift; path = ListMovieModel.swift; sourceTree = "<group>"; };
		5C1D166526A2925300FA4427 /* MovieGenreTableViewCell.swift */ = {isa = PBXFileReference; lastKnownFileType = sourcecode.swift; path = MovieGenreTableViewCell.swift; sourceTree = "<group>"; };
		5C1D166E26A2EC4800FA4427 /* MovieByGenreViewC.swift */ = {isa = PBXFileReference; lastKnownFileType = sourcecode.swift; path = MovieByGenreViewC.swift; sourceTree = "<group>"; };
		5C1D167626A2EC6200FA4427 /* MovieByGenreViewM.swift */ = {isa = PBXFileReference; lastKnownFileType = sourcecode.swift; path = MovieByGenreViewM.swift; sourceTree = "<group>"; };
		5C1D167B26A2EF4F00FA4427 /* MovieByGenreModel.swift */ = {isa = PBXFileReference; lastKnownFileType = sourcecode.swift; path = MovieByGenreModel.swift; sourceTree = "<group>"; };
		5C1D16C026A3171500FA4427 /* DetailMovieModel.swift */ = {isa = PBXFileReference; lastKnownFileType = sourcecode.swift; path = DetailMovieModel.swift; sourceTree = "<group>"; };
		5C1D16C826A3172A00FA4427 /* DetailMovieViewC.swift */ = {isa = PBXFileReference; lastKnownFileType = sourcecode.swift; path = DetailMovieViewC.swift; sourceTree = "<group>"; };
		5C1D16CD26A3173A00FA4427 /* DetailMovieViewM.swift */ = {isa = PBXFileReference; lastKnownFileType = sourcecode.swift; path = DetailMovieViewM.swift; sourceTree = "<group>"; };
		5C1D16D326A3253700FA4427 /* PosterViewCell.swift */ = {isa = PBXFileReference; lastKnownFileType = sourcecode.swift; path = PosterViewCell.swift; sourceTree = "<group>"; };
		5C1D16DB26A3254A00FA4427 /* DetailViewCell.swift */ = {isa = PBXFileReference; lastKnownFileType = sourcecode.swift; path = DetailViewCell.swift; sourceTree = "<group>"; };
		5C3A81F226A1BC62009DBA05 /* MovieDBApps.app */ = {isa = PBXFileReference; explicitFileType = wrapper.application; includeInIndex = 0; path = MovieDBApps.app; sourceTree = BUILT_PRODUCTS_DIR; };
		5C3A81F526A1BC62009DBA05 /* AppDelegate.swift */ = {isa = PBXFileReference; lastKnownFileType = sourcecode.swift; path = AppDelegate.swift; sourceTree = "<group>"; };
		5C3A81FE26A1BC65009DBA05 /* Assets.xcassets */ = {isa = PBXFileReference; lastKnownFileType = folder.assetcatalog; path = Assets.xcassets; sourceTree = "<group>"; };
		5C3A820126A1BC65009DBA05 /* Base */ = {isa = PBXFileReference; lastKnownFileType = file.storyboard; name = Base; path = Base.lproj/LaunchScreen.storyboard; sourceTree = "<group>"; };
		5C3A820326A1BC65009DBA05 /* Info.plist */ = {isa = PBXFileReference; lastKnownFileType = text.plist.xml; path = Info.plist; sourceTree = "<group>"; };
		5C3A820826A1BC65009DBA05 /* MovieDBAppsTests.xctest */ = {isa = PBXFileReference; explicitFileType = wrapper.cfbundle; includeInIndex = 0; path = MovieDBAppsTests.xctest; sourceTree = BUILT_PRODUCTS_DIR; };
		5C3A820C26A1BC65009DBA05 /* MovieDBAppsTests.swift */ = {isa = PBXFileReference; lastKnownFileType = sourcecode.swift; path = MovieDBAppsTests.swift; sourceTree = "<group>"; };
		5C3A820E26A1BC65009DBA05 /* Info.plist */ = {isa = PBXFileReference; lastKnownFileType = text.plist.xml; path = Info.plist; sourceTree = "<group>"; };
		5C3A821326A1BC65009DBA05 /* MovieDBAppsUITests.xctest */ = {isa = PBXFileReference; explicitFileType = wrapper.cfbundle; includeInIndex = 0; path = MovieDBAppsUITests.xctest; sourceTree = BUILT_PRODUCTS_DIR; };
		5C3A821726A1BC65009DBA05 /* MovieDBAppsUITests.swift */ = {isa = PBXFileReference; lastKnownFileType = sourcecode.swift; path = MovieDBAppsUITests.swift; sourceTree = "<group>"; };
		5C3A821926A1BC65009DBA05 /* Info.plist */ = {isa = PBXFileReference; lastKnownFileType = text.plist.xml; path = Info.plist; sourceTree = "<group>"; };
		5C3A826226A1CCB6009DBA05 /* Global.swift */ = {isa = PBXFileReference; lastKnownFileType = sourcecode.swift; path = Global.swift; sourceTree = "<group>"; };
		5C3A826726A1CCE5009DBA05 /* ListMovieViewM.swift */ = {isa = PBXFileReference; lastKnownFileType = sourcecode.swift; path = ListMovieViewM.swift; sourceTree = "<group>"; };
		5C3A826F26A1CD35009DBA05 /* ListMovieViewC.swift */ = {isa = PBXFileReference; lastKnownFileType = sourcecode.swift; path = ListMovieViewC.swift; sourceTree = "<group>"; };
		754375BC0D44B649649B1867 /* Pods-MovieDBAppsTests.debug.xcconfig */ = {isa = PBXFileReference; includeInIndex = 1; lastKnownFileType = text.xcconfig; name = "Pods-MovieDBAppsTests.debug.xcconfig"; path = "Target Support Files/Pods-MovieDBAppsTests/Pods-MovieDBAppsTests.debug.xcconfig"; sourceTree = "<group>"; };
		8F9637A00801DA2CE281C09D /* Pods_MovieDBAppsTests.framework */ = {isa = PBXFileReference; explicitFileType = wrapper.framework; includeInIndex = 0; path = Pods_MovieDBAppsTests.framework; sourceTree = BUILT_PRODUCTS_DIR; };
		903E84EA86B9EBED7927F0F6 /* Pods_MovieDBApps_MovieDBAppsUITests.framework */ = {isa = PBXFileReference; explicitFileType = wrapper.framework; includeInIndex = 0; path = Pods_MovieDBApps_MovieDBAppsUITests.framework; sourceTree = BUILT_PRODUCTS_DIR; };
		92D5DD69DD459DD92BED9153 /* Pods-MovieDBApps.debug.xcconfig */ = {isa = PBXFileReference; includeInIndex = 1; lastKnownFileType = text.xcconfig; name = "Pods-MovieDBApps.debug.xcconfig"; path = "Target Support Files/Pods-MovieDBApps/Pods-MovieDBApps.debug.xcconfig"; sourceTree = "<group>"; };
		D44A22D3DDA72643F8474566 /* Pods_MovieDBApps.framework */ = {isa = PBXFileReference; explicitFileType = wrapper.framework; includeInIndex = 0; path = Pods_MovieDBApps.framework; sourceTree = BUILT_PRODUCTS_DIR; };
		DAE32D0D0F707691CB305B45 /* Pods-MovieDBApps-MovieDBAppsUITests.release.xcconfig */ = {isa = PBXFileReference; includeInIndex = 1; lastKnownFileType = text.xcconfig; name = "Pods-MovieDBApps-MovieDBAppsUITests.release.xcconfig"; path = "Target Support Files/Pods-MovieDBApps-MovieDBAppsUITests/Pods-MovieDBApps-MovieDBAppsUITests.release.xcconfig"; sourceTree = "<group>"; };
/* End PBXFileReference section */

/* Begin PBXFrameworksBuildPhase section */
		5C3A81EF26A1BC62009DBA05 /* Frameworks */ = {
			isa = PBXFrameworksBuildPhase;
			buildActionMask = 2147483647;
			files = (
				E7EDE14E13DFF0507C2255AC /* Pods_MovieDBApps.framework in Frameworks */,
			);
			runOnlyForDeploymentPostprocessing = 0;
		};
		5C3A820526A1BC65009DBA05 /* Frameworks */ = {
			isa = PBXFrameworksBuildPhase;
			buildActionMask = 2147483647;
			files = (
				68FCD90BD5C364783CE42C4F /* Pods_MovieDBAppsTests.framework in Frameworks */,
			);
			runOnlyForDeploymentPostprocessing = 0;
		};
		5C3A821026A1BC65009DBA05 /* Frameworks */ = {
			isa = PBXFrameworksBuildPhase;
			buildActionMask = 2147483647;
			files = (
				4A5EE8E5045A38EF7F82A035 /* Pods_MovieDBApps_MovieDBAppsUITests.framework in Frameworks */,
			);
			runOnlyForDeploymentPostprocessing = 0;
		};
/* End PBXFrameworksBuildPhase section */

/* Begin PBXGroup section */
		3549447DD6AF1B605CAB6F02 /* Pods */ = {
			isa = PBXGroup;
			children = (
				92D5DD69DD459DD92BED9153 /* Pods-MovieDBApps.debug.xcconfig */,
				4A8DA1221EF6D0ED94807788 /* Pods-MovieDBApps.release.xcconfig */,
				486F049C0CC6ABF881FF568D /* Pods-MovieDBApps-MovieDBAppsUITests.debug.xcconfig */,
				DAE32D0D0F707691CB305B45 /* Pods-MovieDBApps-MovieDBAppsUITests.release.xcconfig */,
				754375BC0D44B649649B1867 /* Pods-MovieDBAppsTests.debug.xcconfig */,
				33C4742734FF79869D8E1240 /* Pods-MovieDBAppsTests.release.xcconfig */,
			);
			path = Pods;
			sourceTree = "<group>";
		};
		5C1D165626A27F0600FA4427 /* Get Session */ = {
			isa = PBXGroup;
			children = (
				5C1D165726A27F5600FA4427 /* GetSessionViewC.swift */,
			);
			path = "Get Session";
			sourceTree = "<group>";
		};
		5C1D166426A2922C00FA4427 /* Tableview */ = {
			isa = PBXGroup;
			children = (
				5C1D16D226A323DA00FA4427 /* Movie Detail Tableview Cell */,
				5C1D166526A2925300FA4427 /* MovieGenreTableViewCell.swift */,
			);
			path = Tableview;
			sourceTree = "<group>";
		};
		5C1D166D26A2EC0900FA4427 /* List Movie By Genre */ = {
			isa = PBXGroup;
			children = (
				5C1D166E26A2EC4800FA4427 /* MovieByGenreViewC.swift */,
				5C1D167626A2EC6200FA4427 /* MovieByGenreViewM.swift */,
				5C1D167B26A2EF4F00FA4427 /* MovieByGenreModel.swift */,
			);
			path = "List Movie By Genre";
			sourceTree = "<group>";
		};
		5C1D16BF26A3170500FA4427 /* Detail Movie */ = {
			isa = PBXGroup;
			children = (
				5C1D16C026A3171500FA4427 /* DetailMovieModel.swift */,
				5C1D16C826A3172A00FA4427 /* DetailMovieViewC.swift */,
				5C1D16CD26A3173A00FA4427 /* DetailMovieViewM.swift */,
			);
			path = "Detail Movie";
			sourceTree = "<group>";
		};
		5C1D16D226A323DA00FA4427 /* Movie Detail Tableview Cell */ = {
			isa = PBXGroup;
			children = (
				5C1D16D326A3253700FA4427 /* PosterViewCell.swift */,
				5C1D16DB26A3254A00FA4427 /* DetailViewCell.swift */,
			);
			path = "Movie Detail Tableview Cell";
			sourceTree = "<group>";
		};
		5C3A81E926A1BC62009DBA05 = {
			isa = PBXGroup;
			children = (
				5C3A81F426A1BC62009DBA05 /* MovieDBApps */,
				5C3A820B26A1BC65009DBA05 /* MovieDBAppsTests */,
				5C3A821626A1BC65009DBA05 /* MovieDBAppsUITests */,
				5C3A81F326A1BC62009DBA05 /* Products */,
				3549447DD6AF1B605CAB6F02 /* Pods */,
				E2EA605BFE41F8044E35A747 /* Frameworks */,
			);
			sourceTree = "<group>";
		};
		5C3A81F326A1BC62009DBA05 /* Products */ = {
			isa = PBXGroup;
			children = (
				5C3A81F226A1BC62009DBA05 /* MovieDBApps.app */,
				5C3A820826A1BC65009DBA05 /* MovieDBAppsTests.xctest */,
				5C3A821326A1BC65009DBA05 /* MovieDBAppsUITests.xctest */,
			);
			name = Products;
			sourceTree = "<group>";
		};
		5C3A81F426A1BC62009DBA05 /* MovieDBApps */ = {
			isa = PBXGroup;
			children = (
				5C3A81F526A1BC62009DBA05 /* AppDelegate.swift */,
				5C3A81FE26A1BC65009DBA05 /* Assets.xcassets */,
				5C3A820026A1BC65009DBA05 /* LaunchScreen.storyboard */,
				5C3A820326A1BC65009DBA05 /* Info.plist */,
				5C3A825826A1CC76009DBA05 /* Scene */,
				5C3A825726A1CC6D009DBA05 /* Networking */,
				5C3A825626A1CC66009DBA05 /* Models */,
				5C3A825526A1CC55009DBA05 /* Utils */,
			);
			path = MovieDBApps;
			sourceTree = "<group>";
		};
		5C3A820B26A1BC65009DBA05 /* MovieDBAppsTests */ = {
			isa = PBXGroup;
			children = (
				5C3A820C26A1BC65009DBA05 /* MovieDBAppsTests.swift */,
				5C3A820E26A1BC65009DBA05 /* Info.plist */,
			);
			path = MovieDBAppsTests;
			sourceTree = "<group>";
		};
		5C3A821626A1BC65009DBA05 /* MovieDBAppsUITests */ = {
			isa = PBXGroup;
			children = (
				5C3A821726A1BC65009DBA05 /* MovieDBAppsUITests.swift */,
				5C3A821926A1BC65009DBA05 /* Info.plist */,
			);
			path = MovieDBAppsUITests;
			sourceTree = "<group>";
		};
		5C3A825526A1CC55009DBA05 /* Utils */ = {
			isa = PBXGroup;
			children = (
				5C3A826226A1CCB6009DBA05 /* Global.swift */,
			);
			path = Utils;
			sourceTree = "<group>";
		};
		5C3A825626A1CC66009DBA05 /* Models */ = {
			isa = PBXGroup;
			children = (
				5C1D166426A2922C00FA4427 /* Tableview */,
				5C1D162B26A2642900FA4427 /* Response.swift */,
			);
			path = Models;
			sourceTree = "<group>";
		};
		5C3A825726A1CC6D009DBA05 /* Networking */ = {
			isa = PBXGroup;
			children = (
				5C1D163026A2655E00FA4427 /* MovieService.swift */,
			);
			path = Networking;
			sourceTree = "<group>";
		};
		5C3A825826A1CC76009DBA05 /* Scene */ = {
			isa = PBXGroup;
			children = (
				5C1D16BF26A3170500FA4427 /* Detail Movie */,
				5C1D166D26A2EC0900FA4427 /* List Movie By Genre */,
				5C1D165626A27F0600FA4427 /* Get Session */,
				5C3A825926A1CC7A009DBA05 /* List Movie */,
			);
			path = Scene;
			sourceTree = "<group>";
		};
		5C3A825926A1CC7A009DBA05 /* List Movie */ = {
			isa = PBXGroup;
			children = (
				5C3A826726A1CCE5009DBA05 /* ListMovieViewM.swift */,
				5C3A826F26A1CD35009DBA05 /* ListMovieViewC.swift */,
				5C1D165F26A28A9000FA4427 /* ListMovieModel.swift */,
			);
			path = "List Movie";
			sourceTree = "<group>";
		};
		E2EA605BFE41F8044E35A747 /* Frameworks */ = {
			isa = PBXGroup;
			children = (
				D44A22D3DDA72643F8474566 /* Pods_MovieDBApps.framework */,
				903E84EA86B9EBED7927F0F6 /* Pods_MovieDBApps_MovieDBAppsUITests.framework */,
				8F9637A00801DA2CE281C09D /* Pods_MovieDBAppsTests.framework */,
			);
			name = Frameworks;
			sourceTree = "<group>";
		};
/* End PBXGroup section */

/* Begin PBXNativeTarget section */
		5C3A81F126A1BC62009DBA05 /* MovieDBApps */ = {
			isa = PBXNativeTarget;
			buildConfigurationList = 5C3A821C26A1BC65009DBA05 /* Build configuration list for PBXNativeTarget "MovieDBApps" */;
			buildPhases = (
				7259D355FE4F8A6A63684AAA /* [CP] Check Pods Manifest.lock */,
				5C3A81EE26A1BC62009DBA05 /* Sources */,
				5C3A81EF26A1BC62009DBA05 /* Frameworks */,
				5C3A81F026A1BC62009DBA05 /* Resources */,
				B336A48F5297C5E5514E77D7 /* [CP] Embed Pods Frameworks */,
			);
			buildRules = (
			);
			dependencies = (
			);
			name = MovieDBApps;
			productName = MovieDBApps;
			productReference = 5C3A81F226A1BC62009DBA05 /* MovieDBApps.app */;
			productType = "com.apple.product-type.application";
		};
		5C3A820726A1BC65009DBA05 /* MovieDBAppsTests */ = {
			isa = PBXNativeTarget;
			buildConfigurationList = 5C3A821F26A1BC65009DBA05 /* Build configuration list for PBXNativeTarget "MovieDBAppsTests" */;
			buildPhases = (
				A10EA9DEA85F2A47A1CA920C /* [CP] Check Pods Manifest.lock */,
				5C3A820426A1BC65009DBA05 /* Sources */,
				5C3A820526A1BC65009DBA05 /* Frameworks */,
				5C3A820626A1BC65009DBA05 /* Resources */,
			);
			buildRules = (
			);
			dependencies = (
				5C3A820A26A1BC65009DBA05 /* PBXTargetDependency */,
			);
			name = MovieDBAppsTests;
			productName = MovieDBAppsTests;
			productReference = 5C3A820826A1BC65009DBA05 /* MovieDBAppsTests.xctest */;
			productType = "com.apple.product-type.bundle.unit-test";
		};
		5C3A821226A1BC65009DBA05 /* MovieDBAppsUITests */ = {
			isa = PBXNativeTarget;
			buildConfigurationList = 5C3A822226A1BC65009DBA05 /* Build configuration list for PBXNativeTarget "MovieDBAppsUITests" */;
			buildPhases = (
				E968DEDB71C3ECDB00A7AFE0 /* [CP] Check Pods Manifest.lock */,
				5C3A820F26A1BC65009DBA05 /* Sources */,
				5C3A821026A1BC65009DBA05 /* Frameworks */,
				5C3A821126A1BC65009DBA05 /* Resources */,
				C02D793EFF86FB88596DE6EC /* [CP] Embed Pods Frameworks */,
			);
			buildRules = (
			);
			dependencies = (
				5C3A821526A1BC65009DBA05 /* PBXTargetDependency */,
			);
			name = MovieDBAppsUITests;
			productName = MovieDBAppsUITests;
			productReference = 5C3A821326A1BC65009DBA05 /* MovieDBAppsUITests.xctest */;
			productType = "com.apple.product-type.bundle.ui-testing";
		};
/* End PBXNativeTarget section */

/* Begin PBXProject section */
		5C3A81EA26A1BC62009DBA05 /* Project object */ = {
			isa = PBXProject;
			attributes = {
				LastSwiftUpdateCheck = 1240;
				LastUpgradeCheck = 1240;
				TargetAttributes = {
					5C3A81F126A1BC62009DBA05 = {
						CreatedOnToolsVersion = 12.4;
					};
					5C3A820726A1BC65009DBA05 = {
						CreatedOnToolsVersion = 12.4;
						TestTargetID = 5C3A81F126A1BC62009DBA05;
					};
					5C3A821226A1BC65009DBA05 = {
						CreatedOnToolsVersion = 12.4;
						TestTargetID = 5C3A81F126A1BC62009DBA05;
					};
				};
			};
			buildConfigurationList = 5C3A81ED26A1BC62009DBA05 /* Build configuration list for PBXProject "MovieDBApps" */;
			compatibilityVersion = "Xcode 9.3";
			developmentRegion = en;
			hasScannedForEncodings = 0;
			knownRegions = (
				en,
				Base,
			);
			mainGroup = 5C3A81E926A1BC62009DBA05;
			productRefGroup = 5C3A81F326A1BC62009DBA05 /* Products */;
			projectDirPath = "";
			projectRoot = "";
			targets = (
				5C3A81F126A1BC62009DBA05 /* MovieDBApps */,
				5C3A820726A1BC65009DBA05 /* MovieDBAppsTests */,
				5C3A821226A1BC65009DBA05 /* MovieDBAppsUITests */,
			);
		};
/* End PBXProject section */

/* Begin PBXResourcesBuildPhase section */
		5C3A81F026A1BC62009DBA05 /* Resources */ = {
			isa = PBXResourcesBuildPhase;
			buildActionMask = 2147483647;
			files = (
				5C3A820226A1BC65009DBA05 /* LaunchScreen.storyboard in Resources */,
				5C3A81FF26A1BC65009DBA05 /* Assets.xcassets in Resources */,
			);
			runOnlyForDeploymentPostprocessing = 0;
		};
		5C3A820626A1BC65009DBA05 /* Resources */ = {
			isa = PBXResourcesBuildPhase;
			buildActionMask = 2147483647;
			files = (
			);
			runOnlyForDeploymentPostprocessing = 0;
		};
		5C3A821126A1BC65009DBA05 /* Resources */ = {
			isa = PBXResourcesBuildPhase;
			buildActionMask = 2147483647;
			files = (
			);
			runOnlyForDeploymentPostprocessing = 0;
		};
/* End PBXResourcesBuildPhase section */

/* Begin PBXShellScriptBuildPhase section */
		7259D355FE4F8A6A63684AAA /* [CP] Check Pods Manifest.lock */ = {
			isa = PBXShellScriptBuildPhase;
			buildActionMask = 2147483647;
			files = (
			);
			inputFileListPaths = (
			);
			inputPaths = (
				"${PODS_PODFILE_DIR_PATH}/Podfile.lock",
				"${PODS_ROOT}/Manifest.lock",
			);
			name = "[CP] Check Pods Manifest.lock";
			outputFileListPaths = (
			);
			outputPaths = (
				"$(DERIVED_FILE_DIR)/Pods-MovieDBApps-checkManifestLockResult.txt",
			);
			runOnlyForDeploymentPostprocessing = 0;
			shellPath = /bin/sh;
			shellScript = "diff \"${PODS_PODFILE_DIR_PATH}/Podfile.lock\" \"${PODS_ROOT}/Manifest.lock\" > /dev/null\nif [ $? != 0 ] ; then\n    # print error to STDERR\n    echo \"error: The sandbox is not in sync with the Podfile.lock. Run 'pod install' or update your CocoaPods installation.\" >&2\n    exit 1\nfi\n# This output is used by Xcode 'outputs' to avoid re-running this script phase.\necho \"SUCCESS\" > \"${SCRIPT_OUTPUT_FILE_0}\"\n";
			showEnvVarsInLog = 0;
		};
		A10EA9DEA85F2A47A1CA920C /* [CP] Check Pods Manifest.lock */ = {
			isa = PBXShellScriptBuildPhase;
			buildActionMask = 2147483647;
			files = (
			);
			inputFileListPaths = (
			);
			inputPaths = (
				"${PODS_PODFILE_DIR_PATH}/Podfile.lock",
				"${PODS_ROOT}/Manifest.lock",
			);
			name = "[CP] Check Pods Manifest.lock";
			outputFileListPaths = (
			);
			outputPaths = (
				"$(DERIVED_FILE_DIR)/Pods-MovieDBAppsTests-checkManifestLockResult.txt",
			);
			runOnlyForDeploymentPostprocessing = 0;
			shellPath = /bin/sh;
			shellScript = "diff \"${PODS_PODFILE_DIR_PATH}/Podfile.lock\" \"${PODS_ROOT}/Manifest.lock\" > /dev/null\nif [ $? != 0 ] ; then\n    # print error to STDERR\n    echo \"error: The sandbox is not in sync with the Podfile.lock. Run 'pod install' or update your CocoaPods installation.\" >&2\n    exit 1\nfi\n# This output is used by Xcode 'outputs' to avoid re-running this script phase.\necho \"SUCCESS\" > \"${SCRIPT_OUTPUT_FILE_0}\"\n";
			showEnvVarsInLog = 0;
		};
		B336A48F5297C5E5514E77D7 /* [CP] Embed Pods Frameworks */ = {
			isa = PBXShellScriptBuildPhase;
			buildActionMask = 2147483647;
			files = (
			);
			inputFileListPaths = (
				"${PODS_ROOT}/Target Support Files/Pods-MovieDBApps/Pods-MovieDBApps-frameworks-${CONFIGURATION}-input-files.xcfilelist",
			);
			name = "[CP] Embed Pods Frameworks";
			outputFileListPaths = (
				"${PODS_ROOT}/Target Support Files/Pods-MovieDBApps/Pods-MovieDBApps-frameworks-${CONFIGURATION}-output-files.xcfilelist",
			);
			runOnlyForDeploymentPostprocessing = 0;
			shellPath = /bin/sh;
			shellScript = "\"${PODS_ROOT}/Target Support Files/Pods-MovieDBApps/Pods-MovieDBApps-frameworks.sh\"\n";
			showEnvVarsInLog = 0;
		};
		C02D793EFF86FB88596DE6EC /* [CP] Embed Pods Frameworks */ = {
			isa = PBXShellScriptBuildPhase;
			buildActionMask = 2147483647;
			files = (
			);
			inputFileListPaths = (
				"${PODS_ROOT}/Target Support Files/Pods-MovieDBApps-MovieDBAppsUITests/Pods-MovieDBApps-MovieDBAppsUITests-frameworks-${CONFIGURATION}-input-files.xcfilelist",
			);
			name = "[CP] Embed Pods Frameworks";
			outputFileListPaths = (
				"${PODS_ROOT}/Target Support Files/Pods-MovieDBApps-MovieDBAppsUITests/Pods-MovieDBApps-MovieDBAppsUITests-frameworks-${CONFIGURATION}-output-files.xcfilelist",
			);
			runOnlyForDeploymentPostprocessing = 0;
			shellPath = /bin/sh;
			shellScript = "\"${PODS_ROOT}/Target Support Files/Pods-MovieDBApps-MovieDBAppsUITests/Pods-MovieDBApps-MovieDBAppsUITests-frameworks.sh\"\n";
			showEnvVarsInLog = 0;
		};
		E968DEDB71C3ECDB00A7AFE0 /* [CP] Check Pods Manifest.lock */ = {
			isa = PBXShellScriptBuildPhase;
			buildActionMask = 2147483647;
			files = (
			);
			inputFileListPaths = (
			);
			inputPaths = (
				"${PODS_PODFILE_DIR_PATH}/Podfile.lock",
				"${PODS_ROOT}/Manifest.lock",
			);
			name = "[CP] Check Pods Manifest.lock";
			outputFileListPaths = (
			);
			outputPaths = (
				"$(DERIVED_FILE_DIR)/Pods-MovieDBApps-MovieDBAppsUITests-checkManifestLockResult.txt",
			);
			runOnlyForDeploymentPostprocessing = 0;
			shellPath = /bin/sh;
			shellScript = "diff \"${PODS_PODFILE_DIR_PATH}/Podfile.lock\" \"${PODS_ROOT}/Manifest.lock\" > /dev/null\nif [ $? != 0 ] ; then\n    # print error to STDERR\n    echo \"error: The sandbox is not in sync with the Podfile.lock. Run 'pod install' or update your CocoaPods installation.\" >&2\n    exit 1\nfi\n# This output is used by Xcode 'outputs' to avoid re-running this script phase.\necho \"SUCCESS\" > \"${SCRIPT_OUTPUT_FILE_0}\"\n";
			showEnvVarsInLog = 0;
		};
/* End PBXShellScriptBuildPhase section */

/* Begin PBXSourcesBuildPhase section */
		5C3A81EE26A1BC62009DBA05 /* Sources */ = {
			isa = PBXSourcesBuildPhase;
			buildActionMask = 2147483647;
			files = (
				5C1D166F26A2EC4800FA4427 /* MovieByGenreViewC.swift in Sources */,
				5C1D16C126A3171500FA4427 /* DetailMovieModel.swift in Sources */,
				5C1D16CE26A3173A00FA4427 /* DetailMovieViewM.swift in Sources */,
				5C1D167726A2EC6200FA4427 /* MovieByGenreViewM.swift in Sources */,
				5C1D163126A2655E00FA4427 /* MovieService.swift in Sources */,
				5C1D166626A2925300FA4427 /* MovieGenreTableViewCell.swift in Sources */,
				5C1D165826A27F5600FA4427 /* GetSessionViewC.swift in Sources */,
				5C1D16DC26A3254A00FA4427 /* DetailViewCell.swift in Sources */,
				5C1D16D426A3253700FA4427 /* PosterViewCell.swift in Sources */,
				5C1D162C26A2642900FA4427 /* Response.swift in Sources */,
				5C3A81F626A1BC62009DBA05 /* AppDelegate.swift in Sources */,
				5C1D166026A28A9000FA4427 /* ListMovieModel.swift in Sources */,
				5C3A827026A1CD35009DBA05 /* ListMovieViewC.swift in Sources */,
				5C3A826326A1CCB6009DBA05 /* Global.swift in Sources */,
				5C3A826826A1CCE5009DBA05 /* ListMovieViewM.swift in Sources */,
				5C1D16C926A3172A00FA4427 /* DetailMovieViewC.swift in Sources */,
				5C1D167C26A2EF4F00FA4427 /* MovieByGenreModel.swift in Sources */,
			);
			runOnlyForDeploymentPostprocessing = 0;
		};
		5C3A820426A1BC65009DBA05 /* Sources */ = {
			isa = PBXSourcesBuildPhase;
			buildActionMask = 2147483647;
			files = (
				5C3A820D26A1BC65009DBA05 /* MovieDBAppsTests.swift in Sources */,
			);
			runOnlyForDeploymentPostprocessing = 0;
		};
		5C3A820F26A1BC65009DBA05 /* Sources */ = {
			isa = PBXSourcesBuildPhase;
			buildActionMask = 2147483647;
			files = (
				5C3A821826A1BC65009DBA05 /* MovieDBAppsUITests.swift in Sources */,
			);
			runOnlyForDeploymentPostprocessing = 0;
		};
/* End PBXSourcesBuildPhase section */

/* Begin PBXTargetDependency section */
		5C3A820A26A1BC65009DBA05 /* PBXTargetDependency */ = {
			isa = PBXTargetDependency;
			target = 5C3A81F126A1BC62009DBA05 /* MovieDBApps */;
			targetProxy = 5C3A820926A1BC65009DBA05 /* PBXContainerItemProxy */;
		};
		5C3A821526A1BC65009DBA05 /* PBXTargetDependency */ = {
			isa = PBXTargetDependency;
			target = 5C3A81F126A1BC62009DBA05 /* MovieDBApps */;
			targetProxy = 5C3A821426A1BC65009DBA05 /* PBXContainerItemProxy */;
		};
/* End PBXTargetDependency section */

/* Begin PBXVariantGroup section */
		5C3A820026A1BC65009DBA05 /* LaunchScreen.storyboard */ = {
			isa = PBXVariantGroup;
			children = (
				5C3A820126A1BC65009DBA05 /* Base */,
			);
			name = LaunchScreen.storyboard;
			sourceTree = "<group>";
		};
/* End PBXVariantGroup section */

/* Begin XCBuildConfiguration section */
		5C3A821A26A1BC65009DBA05 /* Debug */ = {
			isa = XCBuildConfiguration;
			buildSettings = {
				ALWAYS_SEARCH_USER_PATHS = NO;
				CLANG_ANALYZER_NONNULL = YES;
				CLANG_ANALYZER_NUMBER_OBJECT_CONVERSION = YES_AGGRESSIVE;
				CLANG_CXX_LANGUAGE_STANDARD = "gnu++14";
				CLANG_CXX_LIBRARY = "libc++";
				CLANG_ENABLE_MODULES = YES;
				CLANG_ENABLE_OBJC_ARC = YES;
				CLANG_ENABLE_OBJC_WEAK = YES;
				CLANG_WARN_BLOCK_CAPTURE_AUTORELEASING = YES;
				CLANG_WARN_BOOL_CONVERSION = YES;
				CLANG_WARN_COMMA = YES;
				CLANG_WARN_CONSTANT_CONVERSION = YES;
				CLANG_WARN_DEPRECATED_OBJC_IMPLEMENTATIONS = YES;
				CLANG_WARN_DIRECT_OBJC_ISA_USAGE = YES_ERROR;
				CLANG_WARN_DOCUMENTATION_COMMENTS = YES;
				CLANG_WARN_EMPTY_BODY = YES;
				CLANG_WARN_ENUM_CONVERSION = YES;
				CLANG_WARN_INFINITE_RECURSION = YES;
				CLANG_WARN_INT_CONVERSION = YES;
				CLANG_WARN_NON_LITERAL_NULL_CONVERSION = YES;
				CLANG_WARN_OBJC_IMPLICIT_RETAIN_SELF = YES;
				CLANG_WARN_OBJC_LITERAL_CONVERSION = YES;
				CLANG_WARN_OBJC_ROOT_CLASS = YES_ERROR;
				CLANG_WARN_QUOTED_INCLUDE_IN_FRAMEWORK_HEADER = YES;
				CLANG_WARN_RANGE_LOOP_ANALYSIS = YES;
				CLANG_WARN_STRICT_PROTOTYPES = YES;
				CLANG_WARN_SUSPICIOUS_MOVE = YES;
				CLANG_WARN_UNGUARDED_AVAILABILITY = YES_AGGRESSIVE;
				CLANG_WARN_UNREACHABLE_CODE = YES;
				CLANG_WARN__DUPLICATE_METHOD_MATCH = YES;
				COPY_PHASE_STRIP = NO;
				DEBUG_INFORMATION_FORMAT = dwarf;
				ENABLE_STRICT_OBJC_MSGSEND = YES;
				ENABLE_TESTABILITY = YES;
				GCC_C_LANGUAGE_STANDARD = gnu11;
				GCC_DYNAMIC_NO_PIC = NO;
				GCC_NO_COMMON_BLOCKS = YES;
				GCC_OPTIMIZATION_LEVEL = 0;
				GCC_PREPROCESSOR_DEFINITIONS = (
					"DEBUG=1",
					"$(inherited)",
				);
				GCC_WARN_64_TO_32_BIT_CONVERSION = YES;
				GCC_WARN_ABOUT_RETURN_TYPE = YES_ERROR;
				GCC_WARN_UNDECLARED_SELECTOR = YES;
				GCC_WARN_UNINITIALIZED_AUTOS = YES_AGGRESSIVE;
				GCC_WARN_UNUSED_FUNCTION = YES;
				GCC_WARN_UNUSED_VARIABLE = YES;
				IPHONEOS_DEPLOYMENT_TARGET = 14.4;
				MTL_ENABLE_DEBUG_INFO = INCLUDE_SOURCE;
				MTL_FAST_MATH = YES;
				ONLY_ACTIVE_ARCH = YES;
				SDKROOT = iphoneos;
				SWIFT_ACTIVE_COMPILATION_CONDITIONS = DEBUG;
				SWIFT_OPTIMIZATION_LEVEL = "-Onone";
			};
			name = Debug;
		};
		5C3A821B26A1BC65009DBA05 /* Release */ = {
			isa = XCBuildConfiguration;
			buildSettings = {
				ALWAYS_SEARCH_USER_PATHS = NO;
				CLANG_ANALYZER_NONNULL = YES;
				CLANG_ANALYZER_NUMBER_OBJECT_CONVERSION = YES_AGGRESSIVE;
				CLANG_CXX_LANGUAGE_STANDARD = "gnu++14";
				CLANG_CXX_LIBRARY = "libc++";
				CLANG_ENABLE_MODULES = YES;
				CLANG_ENABLE_OBJC_ARC = YES;
				CLANG_ENABLE_OBJC_WEAK = YES;
				CLANG_WARN_BLOCK_CAPTURE_AUTORELEASING = YES;
				CLANG_WARN_BOOL_CONVERSION = YES;
				CLANG_WARN_COMMA = YES;
				CLANG_WARN_CONSTANT_CONVERSION = YES;
				CLANG_WARN_DEPRECATED_OBJC_IMPLEMENTATIONS = YES;
				CLANG_WARN_DIRECT_OBJC_ISA_USAGE = YES_ERROR;
				CLANG_WARN_DOCUMENTATION_COMMENTS = YES;
				CLANG_WARN_EMPTY_BODY = YES;
				CLANG_WARN_ENUM_CONVERSION = YES;
				CLANG_WARN_INFINITE_RECURSION = YES;
				CLANG_WARN_INT_CONVERSION = YES;
				CLANG_WARN_NON_LITERAL_NULL_CONVERSION = YES;
				CLANG_WARN_OBJC_IMPLICIT_RETAIN_SELF = YES;
				CLANG_WARN_OBJC_LITERAL_CONVERSION = YES;
				CLANG_WARN_OBJC_ROOT_CLASS = YES_ERROR;
				CLANG_WARN_QUOTED_INCLUDE_IN_FRAMEWORK_HEADER = YES;
				CLANG_WARN_RANGE_LOOP_ANALYSIS = YES;
				CLANG_WARN_STRICT_PROTOTYPES = YES;
				CLANG_WARN_SUSPICIOUS_MOVE = YES;
				CLANG_WARN_UNGUARDED_AVAILABILITY = YES_AGGRESSIVE;
				CLANG_WARN_UNREACHABLE_CODE = YES;
				CLANG_WARN__DUPLICATE_METHOD_MATCH = YES;
				COPY_PHASE_STRIP = NO;
				DEBUG_INFORMATION_FORMAT = "dwarf-with-dsym";
				ENABLE_NS_ASSERTIONS = NO;
				ENABLE_STRICT_OBJC_MSGSEND = YES;
				GCC_C_LANGUAGE_STANDARD = gnu11;
				GCC_NO_COMMON_BLOCKS = YES;
				GCC_WARN_64_TO_32_BIT_CONVERSION = YES;
				GCC_WARN_ABOUT_RETURN_TYPE = YES_ERROR;
				GCC_WARN_UNDECLARED_SELECTOR = YES;
				GCC_WARN_UNINITIALIZED_AUTOS = YES_AGGRESSIVE;
				GCC_WARN_UNUSED_FUNCTION = YES;
				GCC_WARN_UNUSED_VARIABLE = YES;
				IPHONEOS_DEPLOYMENT_TARGET = 14.4;
				MTL_ENABLE_DEBUG_INFO = NO;
				MTL_FAST_MATH = YES;
				SDKROOT = iphoneos;
				SWIFT_COMPILATION_MODE = wholemodule;
				SWIFT_OPTIMIZATION_LEVEL = "-O";
				VALIDATE_PRODUCT = YES;
			};
			name = Release;
		};
		5C3A821D26A1BC65009DBA05 /* Debug */ = {
			isa = XCBuildConfiguration;
			baseConfigurationReference = 92D5DD69DD459DD92BED9153 /* Pods-MovieDBApps.debug.xcconfig */;
			buildSettings = {
				ASSETCATALOG_COMPILER_APPICON_NAME = AppIcon;
				ASSETCATALOG_COMPILER_GLOBAL_ACCENT_COLOR_NAME = AccentColor;
				CODE_SIGN_STYLE = Automatic;
				DEVELOPMENT_TEAM = TT48XMD3K6;
				INFOPLIST_FILE = MovieDBApps/Info.plist;
				IPHONEOS_DEPLOYMENT_TARGET = 11.0;
				LD_RUNPATH_SEARCH_PATHS = (
					"$(inherited)",
					"@executable_path/Frameworks",
				);
				PRODUCT_BUNDLE_IDENTIFIER = com.firman.MovieDBApps;
				PRODUCT_NAME = "$(TARGET_NAME)";
				SWIFT_VERSION = 5.0;
				TARGETED_DEVICE_FAMILY = 1;
			};
			name = Debug;
		};
		5C3A821E26A1BC65009DBA05 /* Release */ = {
			isa = XCBuildConfiguration;
			baseConfigurationReference = 4A8DA1221EF6D0ED94807788 /* Pods-MovieDBApps.release.xcconfig */;
			buildSettings = {
				ASSETCATALOG_COMPILER_APPICON_NAME = AppIcon;
				ASSETCATALOG_COMPILER_GLOBAL_ACCENT_COLOR_NAME = AccentColor;
				CODE_SIGN_STYLE = Automatic;
				DEVELOPMENT_TEAM = TT48XMD3K6;
				INFOPLIST_FILE = MovieDBApps/Info.plist;
				IPHONEOS_DEPLOYMENT_TARGET = 11.0;
				LD_RUNPATH_SEARCH_PATHS = (
					"$(inherited)",
					"@executable_path/Frameworks",
				);
				PRODUCT_BUNDLE_IDENTIFIER = com.firman.MovieDBApps;
				PRODUCT_NAME = "$(TARGET_NAME)";
				SWIFT_VERSION = 5.0;
				TARGETED_DEVICE_FAMILY = 1;
			};
			name = Release;
		};
		5C3A822026A1BC65009DBA05 /* Debug */ = {
			isa = XCBuildConfiguration;
			baseConfigurationReference = 754375BC0D44B649649B1867 /* Pods-MovieDBAppsTests.debug.xcconfig */;
			buildSettings = {
				ALWAYS_EMBED_SWIFT_STANDARD_LIBRARIES = YES;
				BUNDLE_LOADER = "$(TEST_HOST)";
				CODE_SIGN_STYLE = Automatic;
				DEVELOPMENT_TEAM = TT48XMD3K6;
				INFOPLIST_FILE = MovieDBAppsTests/Info.plist;
				IPHONEOS_DEPLOYMENT_TARGET = 14.4;
				LD_RUNPATH_SEARCH_PATHS = (
					"$(inherited)",
					"@executable_path/Frameworks",
					"@loader_path/Frameworks",
				);
				PRODUCT_BUNDLE_IDENTIFIER = com.firman.MovieDBAppsTests;
				PRODUCT_NAME = "$(TARGET_NAME)";
				SWIFT_VERSION = 5.0;
				TARGETED_DEVICE_FAMILY = "1,2";
				TEST_HOST = "$(BUILT_PRODUCTS_DIR)/MovieDBApps.app/MovieDBApps";
			};
			name = Debug;
		};
		5C3A822126A1BC65009DBA05 /* Release */ = {
			isa = XCBuildConfiguration;
			baseConfigurationReference = 33C4742734FF79869D8E1240 /* Pods-MovieDBAppsTests.release.xcconfig */;
			buildSettings = {
				ALWAYS_EMBED_SWIFT_STANDARD_LIBRARIES = YES;
				BUNDLE_LOADER = "$(TEST_HOST)";
				CODE_SIGN_STYLE = Automatic;
				DEVELOPMENT_TEAM = TT48XMD3K6;
				INFOPLIST_FILE = MovieDBAppsTests/Info.plist;
				IPHONEOS_DEPLOYMENT_TARGET = 14.4;
				LD_RUNPATH_SEARCH_PATHS = (
					"$(inherited)",
					"@executable_path/Frameworks",
					"@loader_path/Frameworks",
				);
				PRODUCT_BUNDLE_IDENTIFIER = com.firman.MovieDBAppsTests;
				PRODUCT_NAME = "$(TARGET_NAME)";
				SWIFT_VERSION = 5.0;
				TARGETED_DEVICE_FAMILY = "1,2";
				TEST_HOST = "$(BUILT_PRODUCTS_DIR)/MovieDBApps.app/MovieDBApps";
			};
			name = Release;
		};
		5C3A822326A1BC65009DBA05 /* Debug */ = {
			isa = XCBuildConfiguration;
			baseConfigurationReference = 486F049C0CC6ABF881FF568D /* Pods-MovieDBApps-MovieDBAppsUITests.debug.xcconfig */;
			buildSettings = {
				ALWAYS_EMBED_SWIFT_STANDARD_LIBRARIES = YES;
				CODE_SIGN_STYLE = Automatic;
				DEVELOPMENT_TEAM = TT48XMD3K6;
				INFOPLIST_FILE = MovieDBAppsUITests/Info.plist;
				LD_RUNPATH_SEARCH_PATHS = (
					"$(inherited)",
					"@executable_path/Frameworks",
					"@loader_path/Frameworks",
				);
				PRODUCT_BUNDLE_IDENTIFIER = com.firman.MovieDBAppsUITests;
				PRODUCT_NAME = "$(TARGET_NAME)";
				SWIFT_VERSION = 5.0;
				TARGETED_DEVICE_FAMILY = "1,2";
				TEST_TARGET_NAME = MovieDBApps;
			};
			name = Debug;
		};
		5C3A822426A1BC65009DBA05 /* Release */ = {
			isa = XCBuildConfiguration;
			baseConfigurationReference = DAE32D0D0F707691CB305B45 /* Pods-MovieDBApps-MovieDBAppsUITests.release.xcconfig */;
			buildSettings = {
				ALWAYS_EMBED_SWIFT_STANDARD_LIBRARIES = YES;
				CODE_SIGN_STYLE = Automatic;
				DEVELOPMENT_TEAM = TT48XMD3K6;
				INFOPLIST_FILE = MovieDBAppsUITests/Info.plist;
				LD_RUNPATH_SEARCH_PATHS = (
					"$(inherited)",
					"@executable_path/Frameworks",
					"@loader_path/Frameworks",
				);
				PRODUCT_BUNDLE_IDENTIFIER = com.firman.MovieDBAppsUITests;
				PRODUCT_NAME = "$(TARGET_NAME)";
				SWIFT_VERSION = 5.0;
				TARGETED_DEVICE_FAMILY = "1,2";
				TEST_TARGET_NAME = MovieDBApps;
			};
			name = Release;
		};
/* End XCBuildConfiguration section */

/* Begin XCConfigurationList section */
		5C3A81ED26A1BC62009DBA05 /* Build configuration list for PBXProject "MovieDBApps" */ = {
			isa = XCConfigurationList;
			buildConfigurations = (
				5C3A821A26A1BC65009DBA05 /* Debug */,
				5C3A821B26A1BC65009DBA05 /* Release */,
			);
			defaultConfigurationIsVisible = 0;
			defaultConfigurationName = Release;
		};
		5C3A821C26A1BC65009DBA05 /* Build configuration list for PBXNativeTarget "MovieDBApps" */ = {
			isa = XCConfigurationList;
			buildConfigurations = (
				5C3A821D26A1BC65009DBA05 /* Debug */,
				5C3A821E26A1BC65009DBA05 /* Release */,
			);
			defaultConfigurationIsVisible = 0;
			defaultConfigurationName = Release;
		};
		5C3A821F26A1BC65009DBA05 /* Build configuration list for PBXNativeTarget "MovieDBAppsTests" */ = {
			isa = XCConfigurationList;
			buildConfigurations = (
				5C3A822026A1BC65009DBA05 /* Debug */,
				5C3A822126A1BC65009DBA05 /* Release */,
			);
			defaultConfigurationIsVisible = 0;
			defaultConfigurationName = Release;
		};
		5C3A822226A1BC65009DBA05 /* Build configuration list for PBXNativeTarget "MovieDBAppsUITests" */ = {
			isa = XCConfigurationList;
			buildConfigurations = (
				5C3A822326A1BC65009DBA05 /* Debug */,
				5C3A822426A1BC65009DBA05 /* Release */,
			);
			defaultConfigurationIsVisible = 0;
			defaultConfigurationName = Release;
		};
/* End XCConfigurationList section */
	};
	rootObject = 5C3A81EA26A1BC62009DBA05 /* Project object */;
}
